lockfileVersion: '9.0'

settings:
  autoInstallPeers: true
  excludeLinksFromLockfile: false

importers:

  .:
    dependencies:
      oxc-resolver:
        specifier: ^11.16.3
        version: 11.16.3
      tinyglobby:
        specifier: ^0.2.15
        version: 0.2.15
      typescript:
        specifier: ^5.9.3
        version: 5.9.3
    devDependencies:
      '@types/node':
        specifier: ^24.10.9
        version: 24.10.9
      oxfmt:
        specifier: ^0.35.0
        version: 0.35.0
      oxlint:
        specifier: ^1.50.0
        version: 1.50.0

packages:

  '@emnapi/core@1.8.1':
    resolution: {integrity: sha512-AvT9QFpxK0Zd8J0jopedNm+w/2fIzvtPKPjqyw9jwvBaReTTqPBk9Hixaz7KbjimP+QNz605/XnjFcDAL2pqBg==}

  '@emnapi/runtime@1.8.1':
    resolution: {integrity: sha512-mehfKSMWjjNol8659Z8KxEMrdSJDDot5SXMq00dM8BN4o+CLNXQ0xH2V7EchNHV4RmbZLmmPdEaXZc5H2FXmDg==}

  '@emnapi/wasi-threads@1.1.0':
    resolution: {integrity: sha512-WI0DdZ8xFSbgMjR1sFsKABJ/C5OnRrjT06JXbZKexJGrDuPTzZdDYfFlsgcCXCyf+suG5QU2e/y1Wo2V/OapLQ==}

  '@napi-rs/wasm-runtime@1.1.1':
    resolution: {integrity: sha512-p64ah1M1ld8xjWv3qbvFwHiFVWrq1yFvV4f7w+mzaqiR4IlSgkqhcRdHwsGgomwzBH51sRY4NEowLxnaBjcW/A==}

  '@oxc-resolver/binding-android-arm-eabi@11.16.3':
    resolution: {integrity: sha512-CVyWHu6ACDqDcJxR4nmGiG8vDF4TISJHqRNzac5z/gPQycs/QrP/1pDsJBy0MD7jSw8nVq2E5WqeHQKabBG/Jg==}
    cpu: [arm]
    os: [android]

  '@oxc-resolver/binding-android-arm64@11.16.3':
    resolution: {integrity: sha512-tTIoB7plLeh2o6Ay7NnV5CJb6QUXdxI7Shnsp2ECrLSV81k+oVE3WXYrQSh4ltWL75i0OgU5Bj3bsuyg5SMepw==}
    cpu: [arm64]
    os: [android]

  '@oxc-resolver/binding-darwin-arm64@11.16.3':
    resolution: {integrity: sha512-OXKVH7uwYd3Rbw1s2yJZd6/w+6b01iaokZubYhDAq4tOYArr+YCS+lr81q1hsTPPRZeIsWE+rJLulmf1qHdYZA==}
    cpu: [arm64]
    os: [darwin]

  '@oxc-resolver/binding-darwin-x64@11.16.3':
    resolution: {integrity: sha512-WwjQ4WdnCxVYZYd3e3oY5XbV3JeLy9pPMK+eQQ2m8DtqUtbxnvPpAYC2Knv/2bS6q5JiktqOVJ2Hfia3OSo0/A==}
    cpu: [x64]
    os: [darwin]

  '@oxc-resolver/binding-freebsd-x64@11.16.3':
    resolution: {integrity: sha512-4OHKFGJBBfOnuJnelbCS4eBorI6cj54FUxcZJwEXPeoLc8yzORBoJ2w+fQbwjlQcUUZLEg92uGhKCRiUoqznjg==}
    cpu: [x64]
    os: [freebsd]

  '@oxc-resolver/binding-linux-arm-gnueabihf@11.16.3':
    resolution: {integrity: sha512-OM3W0NLt9u7uKwG/yZbeXABansZC0oZeDF1nKgvcZoRw4/Yak6/l4S0onBfDFeYMY94eYeAt2bl60e30lgsb5A==}
    cpu: [arm]
    os: [linux]

  '@oxc-resolver/binding-linux-arm-musleabihf@11.16.3':
    resolution: {integrity: sha512-MRs7D7i1t7ACsAdTuP81gLZES918EpBmiUyEl8fu302yQB+4L7L7z0Ui8BWnthUTQd3nAU9dXvENLK/SqRVH8A==}
    cpu: [arm]
    os: [linux]

  '@oxc-resolver/binding-linux-arm64-gnu@11.16.3':
    resolution: {integrity: sha512-0eVYZxSceNqGADzhlV4ZRqkHF0fjWxRXQOB7Qwl5y1gN/XYUDvMfip+ngtzj4dM7zQT4U97hUhJ7PUKSy/JIGQ==}
    cpu: [arm64]
    os: [linux]

  '@oxc-resolver/binding-linux-arm64-musl@11.16.3':
    resolution: {integrity: sha512-B1BvLeZbgDdVN0FvU40l5Q7lej8310WlabCBaouk8jY7H7xbI8phtomTtk3Efmevgfy5hImaQJu6++OmcFb2NQ==}
    cpu: [arm64]
    os: [linux]

  '@oxc-resolver/binding-linux-ppc64-gnu@11.16.3':
    resolution: {integrity: sha512-q7khglic3Jqak7uDgA3MFnjDeI7krQT595GDZpvFq785fmFYSx8rlTkoHzmhQtUisYtl4XG7WUscwsoidFUI4w==}
    cpu: [ppc64]
    os: [linux]

  '@oxc-resolver/binding-linux-riscv64-gnu@11.16.3':
    resolution: {integrity: sha512-aFRNmQNPzDgQEbw2s3c8yJYRimacSDI+u9df8rn5nSKzTVitHmbEpZqfxpwNLCKIuLSNmozHR1z1OT+oZVeYqg==}
    cpu: [riscv64]
    os: [linux]

  '@oxc-resolver/binding-linux-riscv64-musl@11.16.3':
    resolution: {integrity: sha512-vZI85SvSMADcEL9G1TIrV0Rlkc1fY5Mup0DdlVC5EHPysZB4hXXHpr+h09pjlK5y+5om5foIzDRxE1baUCaWOA==}
    cpu: [riscv64]
    os: [linux]

  '@oxc-resolver/binding-linux-s390x-gnu@11.16.3':
    resolution: {integrity: sha512-xiLBnaUlddFEzRHiHiSGEMbkg8EwZY6VD8F+3GfnFsiK3xg/4boaUV2bwXd+nUzl3UDQOMW1QcZJ4jJSb0qiJA==}
    cpu: [s390x]
    os: [linux]

  '@oxc-resolver/binding-linux-x64-gnu@11.16.3':
    resolution: {integrity: sha512-6y0b05wIazJJgwu7yU/AYGFswzQQudYJBOb/otDhiDacp1+6ye8egoxx63iVo9lSpDbipL++54AJQFlcOHCB+g==}
    cpu: [x64]
    os: [linux]

  '@oxc-resolver/binding-linux-x64-musl@11.16.3':
    resolution: {integrity: sha512-RmMgwuMa42c9logS7Pjprf5KCp8J1a1bFiuBFtG9/+yMu0BhY2t+0VR/um7pwtkNFvIQqAVh6gDOg/PnoKRcdQ==}
    cpu: [x64]
    os: [linux]

  '@oxc-resolver/binding-openharmony-arm64@11.16.3':
    resolution: {integrity: sha512-/7AYRkjjW7xu1nrHgWUFy99Duj4/ydOBVaHtODie9/M6fFngo+8uQDFFnzmr4q//sd/cchIerISp/8CQ5TsqIA==}
    cpu: [arm64]
    os: [openharmony]

  '@oxc-resolver/binding-wasm32-wasi@11.16.3':
    resolution: {integrity: sha512-urM6aIPbi5di4BSlnpd/TWtDJgG6RD06HvLBuNM+qOYuFtY1/xPbzQ2LanBI2ycpqIoIZwsChyplALwAMdyfCQ==}
    engines: {node: '>=14.0.0'}
    cpu: [wasm32]

  '@oxc-resolver/binding-win32-arm64-msvc@11.16.3':
    resolution: {integrity: sha512-QuvLqGKf7frxWHQ5TnrcY0C/hJpANsaez99Q4dAk1hen7lDTD4FBPtBzPnntLFXeaVG3PnSmnVjlv0vMILwU7Q==}
    cpu: [arm64]
    os: [win32]

  '@oxc-resolver/binding-win32-ia32-msvc@11.16.3':
    resolution: {integrity: sha512-QR/witXK6BmYTlEP8CCjC5fxeG5U9A6a50pNpC1nLnhAcJjtzFG8KcQ5etVy/XvCLiDc7fReaAWRNWtCaIhM8Q==}
    cpu: [ia32]
    os: [win32]

  '@oxc-resolver/binding-win32-x64-msvc@11.16.3':
    resolution: {integrity: sha512-bFuJRKOscsDAEZ/a8BezcTMAe2BQ/OBRfuMLFUuINfTR5qGVcm4a3xBIrQVepBaPxFj16SJdRjGe05vDiwZmFw==}
    cpu: [x64]
    os: [win32]

  '@oxfmt/binding-android-arm-eabi@0.35.0':
    resolution: {integrity: sha512-BaRKlM3DyG81y/xWTsE6gZiv89F/3pHe2BqX2H4JbiB8HNVlWWtplzgATAE5IDSdwChdeuWLDTQzJ92Lglw3ZA==}
    engines: {node: ^20.19.0 || >=22.12.0}
    cpu: [arm]
    os: [android]

  '@oxfmt/binding-android-arm64@0.35.0':
    resolution: {integrity: sha512-/O+EbuAJYs6nde/anv+aID6uHsGQApyE9JtYBo/79KyU8e6RBN3DMbT0ix97y1SOnCglurmL2iZ+hlohjP2PnQ==}
    engines: {node: ^20.19.0 || >=22.12.0}
    cpu: [arm64]
    os: [android]

  '@oxfmt/binding-darwin-arm64@0.35.0':
    resolution: {integrity: sha512-pGqRtqlNdn9d4VrmGUWVyQjkw79ryhI6je9y2jfqNUIZCfqceob+R97YYAoG7C5TFyt8ILdLVoN+L2vw/hSFyA==}
    engines: {node: ^20.19.0 || >=22.12.0}
    cpu: [arm64]
    os: [darwin]

  '@oxfmt/binding-darwin-x64@0.35.0':
    resolution: {integrity: sha512-8GmsDcSozTPjrCJeGpp+sCmS9+9V5yRrdEZ1p/sTWxPG5nYeAfSLuS0nuEYjXSO+CtdSbStIW6dxa+4NM58yRw==}
    engines: {node: ^20.19.0 || >=22.12.0}
    cpu: [x64]
    os: [darwin]

  '@oxfmt/binding-freebsd-x64@0.35.0':
    resolution: {integrity: sha512-QyfKfTe0ytHpFKHAcHCGQEzN45QSqq1AHJOYYxQMgLM3KY4xu8OsXHpCnINjDsV4XGnQzczJDU9e04Zmd8XqIQ==}
    engines: {node: ^20.19.0 || >=22.12.0}
    cpu: [x64]
    os: [freebsd]

  '@oxfmt/binding-linux-arm-gnueabihf@0.35.0':
    resolution: {integrity: sha512-u+kv3JD6P3J38oOyUaiCqgY5TNESzBRZJ5lyZQ6c2czUW2v5SIN9E/KWWa9vxoc+P8AFXQFUVrdzGy1tK+nbPQ==}
    engines: {node: ^20.19.0 || >=22.12.0}
    cpu: [arm]
    os: [linux]

  '@oxfmt/binding-linux-arm-musleabihf@0.35.0':
    resolution: {integrity: sha512-1NiZroCiV57I7Pf8kOH4XGR366kW5zir3VfSMBU2D0V14GpYjiYmPYFAoJboZvp8ACnZKUReWyMkNKSa5ad58A==}
    engines: {node: ^20.19.0 || >=22.12.0}
    cpu: [arm]
    os: [linux]

  '@oxfmt/binding-linux-arm64-gnu@0.35.0':
    resolution: {integrity: sha512-7Q0Xeg7ZnW2nxnZ4R7aF6DEbCFls4skgHZg+I63XitpNvJCbVIU8MFOTZlvZGRsY9+rPgWPQGeUpLHlyx0wvMA==}
    engines: {node: ^20.19.0 || >=22.12.0}
    cpu: [arm64]
    os: [linux]

  '@oxfmt/binding-linux-arm64-musl@0.35.0':
    resolution: {integrity: sha512-5Okqi+uhYFxwKz8hcnUftNNwdm8BCkf6GSCbcz9xJxYMm87k1E4p7PEmAAbhLTk7cjSdDre6TDL0pDzNX+Y22Q==}
    engines: {node: ^20.19.0 || >=22.12.0}
    cpu: [arm64]
    os: [linux]

  '@oxfmt/binding-linux-ppc64-gnu@0.35.0':
    resolution: {integrity: sha512-9k66pbZQXM/lBJWys3Xbc5yhl4JexyfqkEf/tvtq8976VIJnLAAL3M127xHA3ifYSqxdVHfVGTg84eiBHCGcNw==}
    engines: {node: ^20.19.0 || >=22.12.0}
    cpu: [ppc64]
    os: [linux]

  '@oxfmt/binding-linux-riscv64-gnu@0.35.0':
    resolution: {integrity: sha512-aUcY9ofKPtjO52idT6t0SAQvEF6ctjzUQa1lLp7GDsRpSBvuTrBQGeq0rYKz3gN8dMIQ7mtMdGD9tT4LhR8jAQ==}
    engines: {node: ^20.19.0 || >=22.12.0}
    cpu: [riscv64]
    os: [linux]

  '@oxfmt/binding-linux-riscv64-musl@0.35.0':
    resolution: {integrity: sha512-C6yhY5Hvc2sGM+mCPek9ZLe5xRUOC/BvhAt2qIWFAeXMn4il04EYIjl3DsWiJr0xDMTJhvMOmD55xTRPlNp39w==}
    engines: {node: ^20.19.0 || >=22.12.0}
    cpu: [riscv64]
    os: [linux]

  '@oxfmt/binding-linux-s390x-gnu@0.35.0':
    resolution: {integrity: sha512-RG2hlvOMK4OMZpO3mt8MpxLQ0AAezlFqhn5mI/g5YrVbPFyoCv9a34AAvbSJS501ocOxlFIRcKEuw5hFvddf9g==}
    engines: {node: ^20.19.0 || >=22.12.0}
    cpu: [s390x]
    os: [linux]

  '@oxfmt/binding-linux-x64-gnu@0.35.0':
    resolution: {integrity: sha512-wzmh90Pwvqj9xOKHJjkQYBpydRkaXG77ZvDz+iFDRRQpnqIEqGm5gmim2s6vnZIkDGsvKCuTdtxm0GFmBjM1+w==}
    engines: {node: ^20.19.0 || >=22.12.0}
    cpu: [x64]
    os: [linux]

  '@oxfmt/binding-linux-x64-musl@0.35.0':
    resolution: {integrity: sha512-+HCqYCJPCUy5I+b2cf+gUVaApfgtoQT3HdnSg/l7NIcLHOhKstlYaGyrFZLmUpQt4WkFbpGKZZayG6zjRU0KFA==}
    engines: {node: ^20.19.0 || >=22.12.0}
    cpu: [x64]
    os: [linux]

  '@oxfmt/binding-openharmony-arm64@0.35.0':
    resolution: {integrity: sha512-kFYmWfR9YL78XyO5ws+1dsxNvZoD973qfVMNFOS4e9bcHXGF7DvGC2tY5UDFwyMCeB33t3sDIuGONKggnVNSJA==}
    engines: {node: ^20.19.0 || >=22.12.0}
    cpu: [arm64]
    os: [openharmony]

  '@oxfmt/binding-win32-arm64-msvc@0.35.0':
    resolution: {integrity: sha512-uD/NGdM65eKNCDGyTGdO8e9n3IHX+wwuorBvEYrPJXhDXL9qz6gzddmXH8EN04ejUXUujlq4FsoSeCfbg0Y+Jg==}
    engines: {node: ^20.19.0 || >=22.12.0}
    cpu: [arm64]
    os: [win32]

  '@oxfmt/binding-win32-ia32-msvc@0.35.0':
    resolution: {integrity: sha512-oSRD2k8J2uxYDEKR2nAE/YTY9PobOEnhZgCmspHu0+yBQ665yH8lFErQVSTE7fcGJmJp/cC6322/gc8VFuQf7g==}
    engines: {node: ^20.19.0 || >=22.12.0}
    cpu: [ia32]
    os: [win32]

  '@oxfmt/binding-win32-x64-msvc@0.35.0':
    resolution: {integrity: sha512-WCDJjlS95NboR0ugI2BEwzt1tYvRDorDRM9Lvctls1SLyKYuNRCyrPwp1urUPFBnwgBNn9p2/gnmo7gFMySRoQ==}
    engines: {node: ^20.19.0 || >=22.12.0}
    cpu: [x64]
    os: [win32]

  '@oxlint/binding-android-arm-eabi@1.50.0':
    resolution: {integrity: sha512-G7MRGk/6NCe+L8ntonRdZP7IkBfEpiZ/he3buLK6JkLgMHgJShXZ+BeOwADmspXez7U7F7L1Anf4xLSkLHiGTg==}
    engines: {node: ^20.19.0 || >=22.12.0}
    cpu: [arm]
    os: [android]

  '@oxlint/binding-android-arm64@1.50.0':
    resolution: {integrity: sha512-GeSuMoJWCVpovJi/e3xDSNgjeR8WEZ6MCXL6EtPiCIM2NTzv7LbflARINTXTJy2oFBYyvdf/l2PwHzYo6EdXvg==}
    engines: {node: ^20.19.0 || >=22.12.0}
    cpu: [arm64]
    os: [android]

  '@oxlint/binding-darwin-arm64@1.50.0':
    resolution: {integrity: sha512-w3SY5YtxGnxCHPJ8Twl3KmS9oja1gERYk3AMoZ7Hv8P43ZtB6HVfs02TxvarxfL214Tm3uzvc2vn+DhtUNeKnw==}
    engines: {node: ^20.19.0 || >=22.12.0}
    cpu: [arm64]
    os: [darwin]

  '@oxlint/binding-darwin-x64@1.50.0':
    resolution: {integrity: sha512-hNfogDqy7tvmllXKBSlHo6k5x7dhTUVOHbMSE15CCAcXzmqf5883aPvBYPOq9AE7DpDUQUZ1kVE22YbiGW+tuw==}
    engines: {node: ^20.19.0 || >=22.12.0}
    cpu: [x64]
    os: [darwin]

  '@oxlint/binding-freebsd-x64@1.50.0':
    resolution: {integrity: sha512-ykZevOWEyu0nsxolA911ucxpEv0ahw8jfEeGWOwwb/VPoE4xoexuTOAiPNlWZNJqANlJl7yp8OyzCtXTUAxotw==}
    engines: {node: ^20.19.0 || >=22.12.0}
    cpu: [x64]
    os: [freebsd]

  '@oxlint/binding-linux-arm-gnueabihf@1.50.0':
    resolution: {integrity: sha512-hif3iDk7vo5GGJ4OLCCZAf2vjnU9FztGw4L0MbQL0M2iY9LKFtDMMiQAHmkF0PQGQMVbTYtPdXCLKVgdkiqWXQ==}
    engines: {node: ^20.19.0 || >=22.12.0}
    cpu: [arm]
    os: [linux]

  '@oxlint/binding-linux-arm-musleabihf@1.50.0':
    resolution: {integrity: sha512-dVp9iSssiGAnTNey2Ruf6xUaQhdnvcFOJyRWd/mu5o2jVbFK15E5fbWGeFRfmuobu5QXuROtFga44+7DOS3PLg==}
    engines: {node: ^20.19.0 || >=22.12.0}
    cpu: [arm]
    os: [linux]

  '@oxlint/binding-linux-arm64-gnu@1.50.0':
    resolution: {integrity: sha512-1cT7yz2HA910CKA9NkH1ZJo50vTtmND2fkoW1oyiSb0j6WvNtJ0Wx2zoySfXWc/c+7HFoqRK5AbEoL41LOn9oA==}
    engines: {node: ^20.19.0 || >=22.12.0}
    cpu: [arm64]
    os: [linux]

  '@oxlint/binding-linux-arm64-musl@1.50.0':
    resolution: {integrity: sha512-++B3k/HEPFVlj89cOz8kWfQccMZB/aWL9AhsW7jPIkG++63Mpwb2cE9XOEsd0PATbIan78k2Gky+09uWM1d/gQ==}
    engines: {node: ^20.19.0 || >=22.12.0}
    cpu: [arm64]
    os: [linux]

  '@oxlint/binding-linux-ppc64-gnu@1.50.0':
    resolution: {integrity: sha512-Z9b/KpFMkx66w3gVBqjIC1AJBTZAGoI9+U+K5L4QM0CB/G0JSNC1es9b3Y0Vcrlvtdn8A+IQTkYjd/Q0uCSaZw==}
    engines: {node: ^20.19.0 || >=22.12.0}
    cpu: [ppc64]
    os: [linux]

  '@oxlint/binding-linux-riscv64-gnu@1.50.0':
    resolution: {integrity: sha512-jvmuIw8wRSohsQlFNIST5uUwkEtEJmOQYr33bf/K2FrFPXHhM4KqGekI3ShYJemFS/gARVacQFgBzzJKCAyJjg==}
    engines: {node: ^20.19.0 || >=22.12.0}
    cpu: [riscv64]
    os: [linux]

  '@oxlint/binding-linux-riscv64-musl@1.50.0':
    resolution: {integrity: sha512-x+UrN47oYNh90nmAAyql8eQaaRpHbDPu5guasDg10+OpszUQ3/1+1J6zFMmV4xfIEgTcUXG/oI5fxJhF4eWCNA==}
    engines: {node: ^20.19.0 || >=22.12.0}
    cpu: [riscv64]
    os: [linux]

  '@oxlint/binding-linux-s390x-gnu@1.50.0':
    resolution: {integrity: sha512-i/JLi2ljLUIVfekMj4ISmdt+Hn11wzYUdRRrkVUYsCWw7zAy5xV7X9iA+KMyM156LTFympa7s3oKBjuCLoTAUQ==}
    engines: {node: ^20.19.0 || >=22.12.0}
    cpu: [s390x]
    os: [linux]

  '@oxlint/binding-linux-x64-gnu@1.50.0':
    resolution: {integrity: sha512-/C7brhn6c6UUPccgSPCcpLQXcp+xKIW/3sji/5VZ8/OItL3tQ2U7KalHz887UxxSQeEOmd1kY6lrpuwFnmNqOA==}
    engines: {node: ^20.19.0 || >=22.12.0}
    cpu: [x64]
    os: [linux]

  '@oxlint/binding-linux-x64-musl@1.50.0':
    resolution: {integrity: sha512-oDR1f+bGOYU8LfgtEW8XtotWGB63ghtcxk5Jm6IDTCk++rTA/IRMsjOid2iMd+1bW+nP9Mdsmcdc7VbPD3+iyQ==}
    engines: {node: ^20.19.0 || >=22.12.0}
    cpu: [x64]
    os: [linux]

  '@oxlint/binding-openharmony-arm64@1.50.0':
    resolution: {integrity: sha512-4CmRGPp5UpvXyu4jjP9Tey/SrXDQLRvZXm4pb4vdZBxAzbFZkCyh0KyRy4txld/kZKTJlW4TO8N1JKrNEk+mWw==}
    engines: {node: ^20.19.0 || >=22.12.0}
    cpu: [arm64]
    os: [openharmony]

  '@oxlint/binding-win32-arm64-msvc@1.50.0':
    resolution: {integrity: sha512-Fq0M6vsGcFsSfeuWAACDhd5KJrO85ckbEfe1EGuBj+KPyJz7KeWte2fSFrFGmNKNXyhEMyx4tbgxiWRujBM2KQ==}
    engines: {node: ^20.19.0 || >=22.12.0}
    cpu: [arm64]
    os: [win32]

  '@oxlint/binding-win32-ia32-msvc@1.50.0':
    resolution: {integrity: sha512-qTdWR9KwY/vxJGhHVIZG2eBOhidOQvOwzDxnX+jhW/zIVacal1nAhR8GLkiywW8BIFDkQKXo/zOfT+/DY+ns/w==}
    engines: {node: ^20.19.0 || >=22.12.0}
    cpu: [ia32]
    os: [win32]

  '@oxlint/binding-win32-x64-msvc@1.50.0':
    resolution: {integrity: sha512-682t7npLC4G2Ca+iNlI9fhAKTcFPYYXJjwoa88H4q+u5HHHlsnL/gHULapX3iqp+A8FIJbgdylL5KMYo2LaluQ==}
    engines: {node: ^20.19.0 || >=22.12.0}
    cpu: [x64]
    os: [win32]

  '@tybys/wasm-util@0.10.1':
    resolution: {integrity: sha512-9tTaPJLSiejZKx+Bmog4uSubteqTvFrVrURwkmHixBo0G4seD0zUxp98E1DzUBJxLQ3NPwXrGKDiVjwx/DpPsg==}

  '@types/node@24.10.9':
    resolution: {integrity: sha512-ne4A0IpG3+2ETuREInjPNhUGis1SFjv1d5asp8MzEAGtOZeTeHVDOYqOgqfhvseqg/iXty2hjBf1zAOb7RNiNw==}

  fdir@6.5.0:
    resolution: {integrity: sha512-tIbYtZbucOs0BRGqPJkshJUYdL+SDH7dVM8gjy+ERp3WAUjLEFJE+02kanyHtwjWOnwrKYBiwAmM0p4kLJAnXg==}
    engines: {node: '>=12.0.0'}
    peerDependencies:
      picomatch: ^3 || ^4
    peerDependenciesMeta:
      picomatch:
        optional: true

  oxc-resolver@11.16.3:
    resolution: {integrity: sha512-goLOJH3x69VouGWGp5CgCIHyksmOZzXr36lsRmQz1APg3SPFORrvV2q7nsUHMzLVa6ZJgNwkgUSJFsbCpAWkCA==}

  oxfmt@0.35.0:
    resolution: {integrity: sha512-QYeXWkP+aLt7utt5SLivNIk09glWx9QE235ODjgcEZ3sd1VMaUBSpLymh6ZRCA76gD2rMP4bXanUz/fx+nLM9Q==}
    engines: {node: ^20.19.0 || >=22.12.0}
    hasBin: true

  oxlint@1.50.0:
    resolution: {integrity: sha512-iSJ4IZEICBma8cZX7kxIIz9PzsYLF2FaLAYN6RKu7VwRVKdu7RIgpP99bTZaGl//Yao7fsaGZLSEo5xBrI5ReQ==}
    engines: {node: ^20.19.0 || >=22.12.0}
    hasBin: true
    peerDependencies:
      oxlint-tsgolint: '>=0.14.1'
    peerDependenciesMeta:
      oxlint-tsgolint:
        optional: true

  picomatch@4.0.3:
    resolution: {integrity: sha512-5gTmgEY/sqK6gFXLIsQNH19lWb4ebPDLA4SdLP7dsWkIXHWlG66oPuVvXSGFPppYZz8ZDZq0dYYrbHfBCVUb1Q==}
    engines: {node: '>=12'}

  tinyglobby@0.2.15:
    resolution: {integrity: sha512-j2Zq4NyQYG5XMST4cbs02Ak8iJUdxRM0XI5QyxXuZOzKOINmWurp3smXu3y5wDcJrptwpSjgXHzIQxR0omXljQ==}
    engines: {node: '>=12.0.0'}

  tinypool@2.1.0:
    resolution: {integrity: sha512-Pugqs6M0m7Lv1I7FtxN4aoyToKg1C4tu+/381vH35y8oENM/Ai7f7C4StcoK4/+BSw9ebcS8jRiVrORFKCALLw==}
    engines: {node: ^20.0.0 || >=22.0.0}

  tslib@2.8.1:
    resolution: {integrity: sha512-oJFu94HQb+KVduSUQL7wnpmqnfmLsOA/nAh6b6EH0wCEoK0/mPeXU6c3wKDV83MkOuHPRHtSXKKU99IBazS/2w==}

  typescript@5.9.3:
    resolution: {integrity: sha512-jl1vZzPDinLr9eUt3J/t7V6FgNEw9QjvBPdysz9KfQDD41fQrC2Y4vKQdiaUpFT4bXlb1RHhLpp8wtm6M5TgSw==}
    engines: {node: '>=14.17'}
    hasBin: true

  undici-types@7.16.0:
    resolution: {integrity: sha512-Zz+aZWSj8LE6zoxD+xrjh4VfkIG8Ya6LvYkZqtUQGJPZjYl53ypCaUwWqo7eI0x66KBGeRo+mlBEkMSeSZ38Nw==}

snapshots:

  '@emnapi/core@1.8.1':
    dependencies:
      '@emnapi/wasi-threads': 1.1.0
      tslib: 2.8.1
    optional: true

  '@emnapi/runtime@1.8.1':
    dependencies:
      tslib: 2.8.1
    optional: true

  '@emnapi/wasi-threads@1.1.0':
    dependencies:
      tslib: 2.8.1
    optional: true

  '@napi-rs/wasm-runtime@1.1.1':
    dependencies:
      '@emnapi/core': 1.8.1
      '@emnapi/runtime': 1.8.1
      '@tybys/wasm-util': 0.10.1
    optional: true

  '@oxc-resolver/binding-android-arm-eabi@11.16.3':
    optional: true

  '@oxc-resolver/binding-android-arm64@11.16.3':
    optional: true

  '@oxc-resolver/binding-darwin-arm64@11.16.3':
    optional: true

  '@oxc-resolver/binding-darwin-x64@11.16.3':
    optional: true

  '@oxc-resolver/binding-freebsd-x64@11.16.3':
    optional: true

  '@oxc-resolver/binding-linux-arm-gnueabihf@11.16.3':
    optional: true

  '@oxc-resolver/binding-linux-arm-musleabihf@11.16.3':
    optional: true

  '@oxc-resolver/binding-linux-arm64-gnu@11.16.3':
    optional: true

  '@oxc-resolver/binding-linux-arm64-musl@11.16.3':
    optional: true

  '@oxc-resolver/binding-linux-ppc64-gnu@11.16.3':
    optional: true

  '@oxc-resolver/binding-linux-riscv64-gnu@11.16.3':
    optional: true

  '@oxc-resolver/binding-linux-riscv64-musl@11.16.3':
    optional: true

  '@oxc-resolver/binding-linux-s390x-gnu@11.16.3':
    optional: true

  '@oxc-resolver/binding-linux-x64-gnu@11.16.3':
    optional: true

  '@oxc-resolver/binding-linux-x64-musl@11.16.3':
    optional: true

  '@oxc-resolver/binding-openharmony-arm64@11.16.3':
    optional: true

  '@oxc-resolver/binding-wasm32-wasi@11.16.3':
    dependencies:
      '@napi-rs/wasm-runtime': 1.1.1
    optional: true

  '@oxc-resolver/binding-win32-arm64-msvc@11.16.3':
    optional: true

  '@oxc-resolver/binding-win32-ia32-msvc@11.16.3':
    optional: true

  '@oxc-resolver/binding-win32-x64-msvc@11.16.3':
    optional: true

  '@oxfmt/binding-android-arm-eabi@0.35.0':
    optional: true

  '@oxfmt/binding-android-arm64@0.35.0':
    optional: true

  '@oxfmt/binding-darwin-arm64@0.35.0':
    optional: true

  '@oxfmt/binding-darwin-x64@0.35.0':
    optional: true

  '@oxfmt/binding-freebsd-x64@0.35.0':
    optional: true

  '@oxfmt/binding-linux-arm-gnueabihf@0.35.0':
    optional: true

  '@oxfmt/binding-linux-arm-musleabihf@0.35.0':
    optional: true

  '@oxfmt/binding-linux-arm64-gnu@0.35.0':
    optional: true

  '@oxfmt/binding-linux-arm64-musl@0.35.0':
    optional: true

  '@oxfmt/binding-linux-ppc64-gnu@0.35.0':
    optional: true

  '@oxfmt/binding-linux-riscv64-gnu@0.35.0':
    optional: true

  '@oxfmt/binding-linux-riscv64-musl@0.35.0':
    optional: true

  '@oxfmt/binding-linux-s390x-gnu@0.35.0':
    optional: true

  '@oxfmt/binding-linux-x64-gnu@0.35.0':
    optional: true

  '@oxfmt/binding-linux-x64-musl@0.35.0':
    optional: true

  '@oxfmt/binding-openharmony-arm64@0.35.0':
    optional: true

  '@oxfmt/binding-win32-arm64-msvc@0.35.0':
    optional: true

  '@oxfmt/binding-win32-ia32-msvc@0.35.0':
    optional: true

  '@oxfmt/binding-win32-x64-msvc@0.35.0':
    optional: true

  '@oxlint/binding-android-arm-eabi@1.50.0':
    optional: true

  '@oxlint/binding-android-arm64@1.50.0':
    optional: true

  '@oxlint/binding-darwin-arm64@1.50.0':
    optional: true

  '@oxlint/binding-darwin-x64@1.50.0':
    optional: true

  '@oxlint/binding-freebsd-x64@1.50.0':
    optional: true

  '@oxlint/binding-linux-arm-gnueabihf@1.50.0':
    optional: true

  '@oxlint/binding-linux-arm-musleabihf@1.50.0':
    optional: true

  '@oxlint/binding-linux-arm64-gnu@1.50.0':
    optional: true

  '@oxlint/binding-linux-arm64-musl@1.50.0':
    optional: true

  '@oxlint/binding-linux-ppc64-gnu@1.50.0':
    optional: true

  '@oxlint/binding-linux-riscv64-gnu@1.50.0':
    optional: true

  '@oxlint/binding-linux-riscv64-musl@1.50.0':
    optional: true

  '@oxlint/binding-linux-s390x-gnu@1.50.0':
    optional: true

  '@oxlint/binding-linux-x64-gnu@1.50.0':
    optional: true

  '@oxlint/binding-linux-x64-musl@1.50.0':
    optional: true

  '@oxlint/binding-openharmony-arm64@1.50.0':
    optional: true

  '@oxlint/binding-win32-arm64-msvc@1.50.0':
    optional: true

  '@oxlint/binding-win32-ia32-msvc@1.50.0':
    optional: true

  '@oxlint/binding-win32-x64-msvc@1.50.0':
    optional: true

  '@tybys/wasm-util@0.10.1':
    dependencies:
      tslib: 2.8.1
    optional: true

  '@types/node@24.10.9':
    dependencies:
      undici-types: 7.16.0

  fdir@6.5.0(picomatch@4.0.3):
    optionalDependencies:
      picomatch: 4.0.3

  oxc-resolver@11.16.3:
    optionalDependencies:
      '@oxc-resolver/binding-android-arm-eabi': 11.16.3
      '@oxc-resolver/binding-android-arm64': 11.16.3
      '@oxc-resolver/binding-darwin-arm64': 11.16.3
      '@oxc-resolver/binding-darwin-x64': 11.16.3
      '@oxc-resolver/binding-freebsd-x64': 11.16.3
      '@oxc-resolver/binding-linux-arm-gnueabihf': 11.16.3
      '@oxc-resolver/binding-linux-arm-musleabihf': 11.16.3
      '@oxc-resolver/binding-linux-arm64-gnu': 11.16.3
      '@oxc-resolver/binding-linux-arm64-musl': 11.16.3
      '@oxc-resolver/binding-linux-ppc64-gnu': 11.16.3
      '@oxc-resolver/binding-linux-riscv64-gnu': 11.16.3
      '@oxc-resolver/binding-linux-riscv64-musl': 11.16.3
      '@oxc-resolver/binding-linux-s390x-gnu': 11.16.3
      '@oxc-resolver/binding-linux-x64-gnu': 11.16.3
      '@oxc-resolver/binding-linux-x64-musl': 11.16.3
      '@oxc-resolver/binding-openharmony-arm64': 11.16.3
      '@oxc-resolver/binding-wasm32-wasi': 11.16.3
      '@oxc-resolver/binding-win32-arm64-msvc': 11.16.3
      '@oxc-resolver/binding-win32-ia32-msvc': 11.16.3
      '@oxc-resolver/binding-win32-x64-msvc': 11.16.3

  oxfmt@0.35.0:
    dependencies:
      tinypool: 2.1.0
    optionalDependencies:
      '@oxfmt/binding-android-arm-eabi': 0.35.0
      '@oxfmt/binding-android-arm64': 0.35.0
      '@oxfmt/binding-darwin-arm64': 0.35.0
      '@oxfmt/binding-darwin-x64': 0.35.0
      '@oxfmt/binding-freebsd-x64': 0.35.0
      '@oxfmt/binding-linux-arm-gnueabihf': 0.35.0
      '@oxfmt/binding-linux-arm-musleabihf': 0.35.0
      '@oxfmt/binding-linux-arm64-gnu': 0.35.0
      '@oxfmt/binding-linux-arm64-musl': 0.35.0
      '@oxfmt/binding-linux-ppc64-gnu': 0.35.0
      '@oxfmt/binding-linux-riscv64-gnu': 0.35.0
      '@oxfmt/binding-linux-riscv64-musl': 0.35.0
      '@oxfmt/binding-linux-s390x-gnu': 0.35.0
      '@oxfmt/binding-linux-x64-gnu': 0.35.0
      '@oxfmt/binding-linux-x64-musl': 0.35.0
      '@oxfmt/binding-openharmony-arm64': 0.35.0
      '@oxfmt/binding-win32-arm64-msvc': 0.35.0
      '@oxfmt/binding-win32-ia32-msvc': 0.35.0
      '@oxfmt/binding-win32-x64-msvc': 0.35.0

  oxlint@1.50.0:
    optionalDependencies:
      '@oxlint/binding-android-arm-eabi': 1.50.0
      '@oxlint/binding-android-arm64': 1.50.0
      '@oxlint/binding-darwin-arm64': 1.50.0
      '@oxlint/binding-darwin-x64': 1.50.0
      '@oxlint/binding-freebsd-x64': 1.50.0
      '@oxlint/binding-linux-arm-gnueabihf': 1.50.0
      '@oxlint/binding-linux-arm-musleabihf': 1.50.0
      '@oxlint/binding-linux-arm64-gnu': 1.50.0
      '@oxlint/binding-linux-arm64-musl': 1.50.0
      '@oxlint/binding-linux-ppc64-gnu': 1.50.0
      '@oxlint/binding-linux-riscv64-gnu': 1.50.0
      '@oxlint/binding-linux-riscv64-musl': 1.50.0
      '@oxlint/binding-linux-s390x-gnu': 1.50.0
      '@oxlint/binding-linux-x64-gnu': 1.50.0
      '@oxlint/binding-linux-x64-musl': 1.50.0
      '@oxlint/binding-openharmony-arm64': 1.50.0
      '@oxlint/binding-win32-arm64-msvc': 1.50.0
      '@oxlint/binding-win32-ia32-msvc': 1.50.0
      '@oxlint/binding-win32-x64-msvc': 1.50.0

  picomatch@4.0.3: {}

  tinyglobby@0.2.15:
    dependencies:
      fdir: 6.5.0(picomatch@4.0.3)
      picomatch: 4.0.3

  tinypool@2.1.0: {}

  tslib@2.8.1:
    optional: true

  typescript@5.9.3: {}

  undici-types@7.16.0: {}
